<Solution>
  <Project Path="ItalyFoodApp/ItalyFoodApp.csproj" Id="21f41e1d-954b-4397-b673-fedde19a9103">
    <Deploy Solution="Debug|*" />
  </Project>
  <Project Path="MultilangApp/MultilangApp.csproj" Id="5e31f2fa-7d5c-4756-acdb-d4f96549366a">
    <Deploy />
  </Project>
  <Project Path="TARge25_naidis/TARge25_naidis.csproj">
    <Deploy />
  </Project>
</Solution>
